
Microsoft Visual Studio Solution File, Format Version 12.00
# Visual Studio Version 16
VisualStudioVersion = 16.0.30907.101
MinimumVisualStudioVersion = 10.0.40219.1
Project("{FAE04EC0-301F-11D3-BF4B-00C04F79EFBC}") = "Car_Dealership_Support.Server", "Car_Dealership_Support\Car_Dealership_Support.Server\Car_Dealership_Support.Server.csproj", "{9945A4B7-63C1-49A8-B969-48787FB015B7}"
EndProject
Project("{FAE04EC0-301F-11D3-BF4B-00C04F79EFBC}") = "Car_Dealership_Support.Client", "Car_Dealership_Support\Car_Dealership_Support.Client\Car_Dealership_Support.Client.csproj", "{CB5CDE6A-0DC1-4757-83B2-7BD069A31DC7}"
EndProject
Project("{FAE04EC0-301F-11D3-BF4B-00C04F79EFBC}") = "Car_Dealership_Support.Shared", "Car_Dealership_Support\Car_Dealership_Support.Shared\Car_Dealership_Support.Shared.csproj", "{403516F2-7B9C-4510-BDAF-3C9126E4D8BE}"
EndProject
Global
	GlobalSection(SolutionConfigurationPlatforms) = preSolution
		Debug|Any CPU = Debug|Any CPU
		Release|Any CPU = Release|Any CPU
	EndGlobalSection
	GlobalSection(ProjectConfigurationPlatforms) = postSolution
		{9945A4B7-63C1-49A8-B969-48787FB015B7}.Debug|Any CPU.ActiveCfg = Debug|Any CPU
		{9945A4B7-63C1-49A8-B969-48787FB015B7}.Debug|Any CPU.Build.0 = Debug|Any CPU
		{9945A4B7-63C1-49A8-B969-48787FB015B7}.Release|Any CPU.ActiveCfg = Release|Any CPU
		{9945A4B7-63C1-49A8-B969-48787FB015B7}.Release|Any CPU.Build.0 = Release|Any CPU
		{CB5CDE6A-0DC1-4757-83B2-7BD069A31DC7}.Debug|Any CPU.ActiveCfg = Debug|Any CPU
		{CB5CDE6A-0DC1-4757-83B2-7BD069A31DC7}.Debug|Any CPU.Build.0 = Debug|Any CPU
		{CB5CDE6A-0DC1-4757-83B2-7BD069A31DC7}.Release|Any CPU.ActiveCfg = Release|Any CPU
		{CB5CDE6A-0DC1-4757-83B2-7BD069A31DC7}.Release|Any CPU.Build.0 = Release|Any CPU
		{403516F2-7B9C-4510-BDAF-3C9126E4D8BE}.Debug|Any CPU.ActiveCfg = Debug|Any CPU
		{403516F2-7B9C-4510-BDAF-3C9126E4D8BE}.Debug|Any CPU.Build.0 = Debug|Any CPU
		{403516F2-7B9C-4510-BDAF-3C9126E4D8BE}.Release|Any CPU.ActiveCfg = Release|Any CPU
		{403516F2-7B9C-4510-BDAF-3C9126E4D8BE}.Release|Any CPU.Build.0 = Release|Any CPU
	EndGlobalSection
	GlobalSection(SolutionProperties) = preSolution
		HideSolutionNode = FALSE
	EndGlobalSection
	GlobalSection(ExtensibilityGlobals) = postSolution
		SolutionGuid = {38E85F91-D3A2-43A1-862A-FF3E4FCF95C5}
	EndGlobalSection
EndGlobal
